
Microsoft Visual Studio Solution File, Format Version 12.00
# Visual Studio Version 17
VisualStudioVersion = 17.5.33502.453
MinimumVisualStudioVersion = 10.0.40219.1
Project("{FAE04EC0-301F-11D3-BF4B-00C04F79EFBC}") = "KingsGym", "KingsGym\KingsGym.csproj", "{51FBAA0C-3498-4247-A06B-775AAE508A19}"
EndProject
Global
	GlobalSection(SolutionConfigurationPlatforms) = preSolution
		Debug|Any CPU = Debug|Any CPU
		Release|Any CPU = Release|Any CPU
	EndGlobalSection
	GlobalSection(ProjectConfigurationPlatforms) = postSolution
		{51FBAA0C-3498-4247-A06B-775AAE508A19}.Debug|Any CPU.ActiveCfg = Debug|Any CPU
		{51FBAA0C-3498-4247-A06B-775AAE508A19}.Debug|Any CPU.Build.0 = Debug|Any CPU
		{51FBAA0C-3498-4247-A06B-775AAE508A19}.Release|Any CPU.ActiveCfg = Release|Any CPU
		{51FBAA0C-3498-4247-A06B-775AAE508A19}.Release|Any CPU.Build.0 = Release|Any CPU
	EndGlobalSection
	GlobalSection(SolutionProperties) = preSolution
		HideSolutionNode = FALSE
	EndGlobalSection
	GlobalSection(ExtensibilityGlobals) = postSolution
		SolutionGuid = {5C9742D4-382B-478E-AB0A-C237B295C822}
	EndGlobalSection
EndGlobal
